# This file is automatically @generated by Cargo.
# It is not intended for manual editing.
version = 3

[[package]]
name = "corelib"
version = "0.0.0"

[[package]]
name = "plat-linux"
version = "0.0.0"
dependencies = [
 "corelib",
]

[[package]]
name = "plat-win"
version = "0.0.0"
dependencies = [
 "corelib",
]
